
Microsoft Visual Studio Solution File, Format Version 12.00
# Visual Studio Version 17
VisualStudioVersion = 17.0.31903.59
MinimumVisualStudioVersion = 10.0.40219.1
Project("{FAE04EC0-301F-11D3-BF4B-00C04F79EFBC}") = "DapperDemo1", "DapperDemo1\DapperDemo1.csproj", "{3C2A2EDB-9345-40C9-B16F-C0546BEEF5A9}"
EndProject
Global
	GlobalSection(SolutionConfigurationPlatforms) = preSolution
		Debug|Any CPU = Debug|Any CPU
		Release|Any CPU = Release|Any CPU
	EndGlobalSection
	GlobalSection(ProjectConfigurationPlatforms) = postSolution
		{3C2A2EDB-9345-40C9-B16F-C0546BEEF5A9}.Debug|Any CPU.ActiveCfg = Debug|Any CPU
		{3C2A2EDB-9345-40C9-B16F-C0546BEEF5A9}.Debug|Any CPU.Build.0 = Debug|Any CPU
		{3C2A2EDB-9345-40C9-B16F-C0546BEEF5A9}.Release|Any CPU.ActiveCfg = Release|Any CPU
		{3C2A2EDB-9345-40C9-B16F-C0546BEEF5A9}.Release|Any CPU.Build.0 = Release|Any CPU
	EndGlobalSection
	GlobalSection(SolutionProperties) = preSolution
		HideSolutionNode = FALSE
	EndGlobalSection
	GlobalSection(ExtensibilityGlobals) = postSolution
		SolutionGuid = {E72A5F66-787E-4F1D-B6F0-EF0B853DA909}
	EndGlobalSection
EndGlobal
